
Microsoft Visual Studio Solution File, Format Version 12.00
# Visual Studio Version 17
VisualStudioVersion = 17.2.32526.322
MinimumVisualStudioVersion = 10.0.40219.1
Project("{FAE04EC0-301F-11D3-BF4B-00C04F79EFBC}") = "Homework02", "Homework02\Homework02.csproj", "{67573FDF-3457-41AC-AEA5-C829CEDFDDD5}"
EndProject
Global
	GlobalSection(SolutionConfigurationPlatforms) = preSolution
		Debug|Any CPU = Debug|Any CPU
		Release|Any CPU = Release|Any CPU
	EndGlobalSection
	GlobalSection(ProjectConfigurationPlatforms) = postSolution
		{67573FDF-3457-41AC-AEA5-C829CEDFDDD5}.Debug|Any CPU.ActiveCfg = Debug|Any CPU
		{67573FDF-3457-41AC-AEA5-C829CEDFDDD5}.Debug|Any CPU.Build.0 = Debug|Any CPU
		{67573FDF-3457-41AC-AEA5-C829CEDFDDD5}.Release|Any CPU.ActiveCfg = Release|Any CPU
		{67573FDF-3457-41AC-AEA5-C829CEDFDDD5}.Release|Any CPU.Build.0 = Release|Any CPU
	EndGlobalSection
	GlobalSection(SolutionProperties) = preSolution
		HideSolutionNode = FALSE
	EndGlobalSection
	GlobalSection(ExtensibilityGlobals) = postSolution
		SolutionGuid = {AA945CC7-8CDD-4A0B-ADE1-10F5A8ACAF6F}
	EndGlobalSection
EndGlobal
